{
  "name": "rolldown-starter",
  "lockfileVersion": 2,
  "requires": true,
  "packages": {
    "": {
      "name": "rolldown-starter",
      "license": "MIT",
      "dependencies": {
        "rolldown": "npm:@rolldown/browser@latest"
      }
    },
    "node_modules/@emnapi/core": {
      "version": "1.4.3",
      "resolved": "https://registry.npmjs.org/@emnapi/core/-/core-1.4.3.tgz",
      "integrity": "sha512-4m62DuCE07lw01soJwPiBGC0nAww0Q+RY70VZ+n49yDIO13yyinhbWCeNnaob0lakDtWQzSdtNWzJeOJt2ma+g==",
      "dependencies": {
        "@emnapi/wasi-threads": "1.0.2",
        "tslib": "^2.4.0"
      }
    },
    "node_modules/@emnapi/runtime": {
      "version": "1.4.3",
      "resolved": "https://registry.npmjs.org/@emnapi/runtime/-/runtime-1.4.3.tgz",
      "integrity": "sha512-pBPWdu6MLKROBX05wSNKcNb++m5Er+KQ9QkB+WVM+pW2Kx9hoSrVTnu3BdkI5eBLZoKu/J6mW/B6i6bJB2ytXQ==",
      "dependencies": {
        "tslib": "^2.4.0"
      }
    },
    "node_modules/@emnapi/wasi-threads": {
      "version": "1.0.2",
      "resolved": "https://registry.npmjs.org/@emnapi/wasi-threads/-/wasi-threads-1.0.2.tgz",
      "integrity": "sha512-5n3nTJblwRi8LlXkJ9eBzu+kZR8Yxcc7ubakyQTFzPMtIhFpUBRbsnc2Dv88IZDIbCDlBiWrknhB4Lsz7mg6BA==",
      "dependencies": {
        "tslib": "^2.4.0"
      }
    },
    "node_modules/@napi-rs/wasm-runtime": {
      "version": "0.2.9",
      "resolved": "https://registry.npmjs.org/@napi-rs/wasm-runtime/-/wasm-runtime-0.2.9.tgz",
      "integrity": "sha512-OKRBiajrrxB9ATokgEQoG87Z25c67pCpYcCwmXYX8PBftC9pBfN18gnm/fh1wurSLEKIAt+QRFLFCQISrb66Jg==",
      "dependencies": {
        "@emnapi/core": "^1.4.0",
        "@emnapi/runtime": "^1.4.0",
        "@tybys/wasm-util": "^0.9.0"
      }
    },
    "node_modules/@oxc-project/types": {
      "version": "0.65.0",
      "resolved": "https://registry.npmjs.org/@oxc-project/types/-/types-0.65.0.tgz",
      "integrity": "sha512-7MpMzyXCcwxrTxJ4L0siy63Ds/LA8LAM4szumTFiynxTJkfrIZEV4PyR4Th0CqFZQ+oNi8WvW3Dr1MLy7o9qPQ==",
      "funding": {
        "url": "https://github.com/sponsors/Boshen"
      }
    },
    "node_modules/@tybys/wasm-util": {
      "version": "0.9.0",
      "resolved": "https://registry.npmjs.org/@tybys/wasm-util/-/wasm-util-0.9.0.tgz",
      "integrity": "sha512-6+7nlbMVX/PVDCwaIQ8nTOPveOcFLSt8GcXdx8hD0bt39uWxYT88uXzqTd4fTvqta7oeUJqudepapKNt2DYJFw==",
      "dependencies": {
        "tslib": "^2.4.0"
      }
    },
    "node_modules/@valibot/to-json-schema": {
      "version": "1.0.0",
      "resolved": "https://registry.npmjs.org/@valibot/to-json-schema/-/to-json-schema-1.0.0.tgz",
      "integrity": "sha512-/9crJgPptVsGCL6X+JPDQyaJwkalSZ/52WuF8DiRUxJgcmpNdzYRfZ+gqMEP8W3CTVfuMWPqqvIgfwJ97f9Etw==",
      "peerDependencies": {
        "valibot": "^1.0.0"
      }
    },
    "node_modules/ansis": {
      "version": "3.17.0",
      "resolved": "https://registry.npmjs.org/ansis/-/ansis-3.17.0.tgz",
      "integrity": "sha512-0qWUglt9JEqLFr3w1I1pbrChn1grhaiAR2ocX1PP/flRmxgtwTzPFFFnfIlD6aMOLQZgSuCRlidD70lvx8yhzg==",
      "engines": {
        "node": ">=14"
      }
    },
    "node_modules/pathe": {
      "version": "2.0.3",
      "resolved": "https://registry.npmjs.org/pathe/-/pathe-2.0.3.tgz",
      "integrity": "sha512-WUjGcAqP1gQacoQe+OBJsFA7Ld4DyXuUIjZ5cc75cLHvJ7dtNsTugphxIADwspS+AraAUePCKrSVtPLFj/F88w=="
    },
    "node_modules/rolldown": {
      "name": "@rolldown/browser",
      "version": "1.0.0-beta.8",
      "resolved": "https://registry.npmjs.org/@rolldown/browser/-/browser-1.0.0-beta.8.tgz",
      "integrity": "sha512-QVId7Zx28mnQn2oaWlP559wCnWRL1JoxmXFikcECAyIaDMdXYq6xMjrshWt3mHsy2rB23uIQyz9iuM5NJHKF0g==",
      "hasInstallScript": true,
      "dependencies": {
        "@napi-rs/wasm-runtime": "^0.2.8",
        "@oxc-project/types": "0.65.0",
        "@valibot/to-json-schema": "1.0.0",
        "ansis": "^3.17.0",
        "pathe": "^2.0.3",
        "valibot": "1.0.0"
      },
      "bin": {
        "rolldown": "bin/cli.mjs"
      },
      "peerDependencies": {
        "@oxc-project/runtime": "0.65.0"
      },
      "peerDependenciesMeta": {
        "@oxc-project/runtime": {
          "optional": true
        }
      }
    },
    "node_modules/tslib": {
      "version": "2.8.1",
      "resolved": "https://registry.npmjs.org/tslib/-/tslib-2.8.1.tgz",
      "integrity": "sha512-oJFu94HQb+KVduSUQL7wnpmqnfmLsOA/nAh6b6EH0wCEoK0/mPeXU6c3wKDV83MkOuHPRHtSXKKU99IBazS/2w=="
    },
    "node_modules/valibot": {
      "version": "1.0.0",
      "resolved": "https://registry.npmjs.org/valibot/-/valibot-1.0.0.tgz",
      "integrity": "sha512-1Hc0ihzWxBar6NGeZv7fPLY0QuxFMyxwYR2sF1Blu7Wq7EnremwY2W02tit2ij2VJT8HcSkHAQqmFfl77f73Yw==",
      "peerDependencies": {
        "typescript": ">=5"
      },
      "peerDependenciesMeta": {
        "typescript": {
          "optional": true
        }
      }
    }
  },
  "dependencies": {
    "@emnapi/core": {
      "version": "1.4.3",
      "resolved": "https://registry.npmjs.org/@emnapi/core/-/core-1.4.3.tgz",
      "integrity": "sha512-4m62DuCE07lw01soJwPiBGC0nAww0Q+RY70VZ+n49yDIO13yyinhbWCeNnaob0lakDtWQzSdtNWzJeOJt2ma+g==",
      "requires": {
        "@emnapi/wasi-threads": "1.0.2",
        "tslib": "^2.4.0"
      }
    },
    "@emnapi/runtime": {
      "version": "1.4.3",
      "resolved": "https://registry.npmjs.org/@emnapi/runtime/-/runtime-1.4.3.tgz",
      "integrity": "sha512-pBPWdu6MLKROBX05wSNKcNb++m5Er+KQ9QkB+WVM+pW2Kx9hoSrVTnu3BdkI5eBLZoKu/J6mW/B6i6bJB2ytXQ==",
      "requires": {
        "tslib": "^2.4.0"
      }
    },
    "@emnapi/wasi-threads": {
      "version": "1.0.2",
      "resolved": "https://registry.npmjs.org/@emnapi/wasi-threads/-/wasi-threads-1.0.2.tgz",
      "integrity": "sha512-5n3nTJblwRi8LlXkJ9eBzu+kZR8Yxcc7ubakyQTFzPMtIhFpUBRbsnc2Dv88IZDIbCDlBiWrknhB4Lsz7mg6BA==",
      "requires": {
        "tslib": "^2.4.0"
      }
    },
    "@napi-rs/wasm-runtime": {
      "version": "0.2.9",
      "resolved": "https://registry.npmjs.org/@napi-rs/wasm-runtime/-/wasm-runtime-0.2.9.tgz",
      "integrity": "sha512-OKRBiajrrxB9ATokgEQoG87Z25c67pCpYcCwmXYX8PBftC9pBfN18gnm/fh1wurSLEKIAt+QRFLFCQISrb66Jg==",
      "requires": {
        "@emnapi/core": "^1.4.0",
        "@emnapi/runtime": "^1.4.0",
        "@tybys/wasm-util": "^0.9.0"
      }
    },
    "@oxc-project/types": {
      "version": "0.65.0",
      "resolved": "https://registry.npmjs.org/@oxc-project/types/-/types-0.65.0.tgz",
      "integrity": "sha512-7MpMzyXCcwxrTxJ4L0siy63Ds/LA8LAM4szumTFiynxTJkfrIZEV4PyR4Th0CqFZQ+oNi8WvW3Dr1MLy7o9qPQ=="
    },
    "@tybys/wasm-util": {
      "version": "0.9.0",
      "resolved": "https://registry.npmjs.org/@tybys/wasm-util/-/wasm-util-0.9.0.tgz",
      "integrity": "sha512-6+7nlbMVX/PVDCwaIQ8nTOPveOcFLSt8GcXdx8hD0bt39uWxYT88uXzqTd4fTvqta7oeUJqudepapKNt2DYJFw==",
      "requires": {
        "tslib": "^2.4.0"
      }
    },
    "@valibot/to-json-schema": {
      "version": "1.0.0",
      "resolved": "https://registry.npmjs.org/@valibot/to-json-schema/-/to-json-schema-1.0.0.tgz",
      "integrity": "sha512-/9crJgPptVsGCL6X+JPDQyaJwkalSZ/52WuF8DiRUxJgcmpNdzYRfZ+gqMEP8W3CTVfuMWPqqvIgfwJ97f9Etw=="
    },
    "ansis": {
      "version": "3.17.0",
      "resolved": "https://registry.npmjs.org/ansis/-/ansis-3.17.0.tgz",
      "integrity": "sha512-0qWUglt9JEqLFr3w1I1pbrChn1grhaiAR2ocX1PP/flRmxgtwTzPFFFnfIlD6aMOLQZgSuCRlidD70lvx8yhzg=="
    },
    "pathe": {
      "version": "2.0.3",
      "resolved": "https://registry.npmjs.org/pathe/-/pathe-2.0.3.tgz",
      "integrity": "sha512-WUjGcAqP1gQacoQe+OBJsFA7Ld4DyXuUIjZ5cc75cLHvJ7dtNsTugphxIADwspS+AraAUePCKrSVtPLFj/F88w=="
    },
    "rolldown": {
      "version": "npm:@rolldown/browser@1.0.0-beta.8",
      "resolved": "https://registry.npmjs.org/@rolldown/browser/-/browser-1.0.0-beta.8.tgz",
      "integrity": "sha512-QVId7Zx28mnQn2oaWlP559wCnWRL1JoxmXFikcECAyIaDMdXYq6xMjrshWt3mHsy2rB23uIQyz9iuM5NJHKF0g==",
      "requires": {
        "@napi-rs/wasm-runtime": "^0.2.8",
        "@oxc-project/types": "0.65.0",
        "@valibot/to-json-schema": "1.0.0",
        "ansis": "^3.17.0",
        "pathe": "^2.0.3",
        "valibot": "1.0.0"
      }
    },
    "tslib": {
      "version": "2.8.1",
      "resolved": "https://registry.npmjs.org/tslib/-/tslib-2.8.1.tgz",
      "integrity": "sha512-oJFu94HQb+KVduSUQL7wnpmqnfmLsOA/nAh6b6EH0wCEoK0/mPeXU6c3wKDV83MkOuHPRHtSXKKU99IBazS/2w=="
    },
    "valibot": {
      "version": "1.0.0",
      "resolved": "https://registry.npmjs.org/valibot/-/valibot-1.0.0.tgz",
      "integrity": "sha512-1Hc0ihzWxBar6NGeZv7fPLY0QuxFMyxwYR2sF1Blu7Wq7EnremwY2W02tit2ij2VJT8HcSkHAQqmFfl77f73Yw=="
    }
  }
}